
Microsoft Visual Studio Solution File, Format Version 12.00
# Visual Studio 15
VisualStudioVersion = 15.0.26124.0
MinimumVisualStudioVersion = 15.0.26124.0
Project("{FAE04EC0-301F-11D3-BF4B-00C04F79EFBC}") = "application", "Api.Application\application.csproj", "{BF57F98F-9D51-4EFE-B9DC-C5F99A7E9EF7}"
EndProject
Project("{FAE04EC0-301F-11D3-BF4B-00C04F79EFBC}") = "Domain", "Api.Domain\Domain.csproj", "{79674A59-5693-4B41-919C-79928A81D964}"
EndProject
Project("{FAE04EC0-301F-11D3-BF4B-00C04F79EFBC}") = "CrossCutting", "Api.CrossCutting\CrossCutting.csproj", "{35E458B4-F0B5-4FD4-B87A-5F2C7BC87696}"
EndProject
Project("{FAE04EC0-301F-11D3-BF4B-00C04F79EFBC}") = "Data", "Api.Data\Data.csproj", "{F88A5D42-61FB-4EF4-B68B-8E5BF8C676D5}"
EndProject
Project("{FAE04EC0-301F-11D3-BF4B-00C04F79EFBC}") = "Service", "Api.Service\Service.csproj", "{ED75EE66-263B-4F13-B782-9A0D0917CD77}"
EndProject
Project("{FAE04EC0-301F-11D3-BF4B-00C04F79EFBC}") = "Api.Data.Test", "Api.Data.Test\Api.Data.Test.csproj", "{DA409A9B-A860-4B54-B7D7-A5021D874440}"
EndProject
Global
	GlobalSection(SolutionConfigurationPlatforms) = preSolution
		Debug|Any CPU = Debug|Any CPU
		Debug|x64 = Debug|x64
		Debug|x86 = Debug|x86
		Release|Any CPU = Release|Any CPU
		Release|x64 = Release|x64
		Release|x86 = Release|x86
	EndGlobalSection
	GlobalSection(SolutionProperties) = preSolution
		HideSolutionNode = FALSE
	EndGlobalSection
	GlobalSection(ProjectConfigurationPlatforms) = postSolution
		{BF57F98F-9D51-4EFE-B9DC-C5F99A7E9EF7}.Debug|Any CPU.ActiveCfg = Debug|Any CPU
		{BF57F98F-9D51-4EFE-B9DC-C5F99A7E9EF7}.Debug|Any CPU.Build.0 = Debug|Any CPU
		{BF57F98F-9D51-4EFE-B9DC-C5F99A7E9EF7}.Debug|x64.ActiveCfg = Debug|Any CPU
		{BF57F98F-9D51-4EFE-B9DC-C5F99A7E9EF7}.Debug|x64.Build.0 = Debug|Any CPU
		{BF57F98F-9D51-4EFE-B9DC-C5F99A7E9EF7}.Debug|x86.ActiveCfg = Debug|Any CPU
		{BF57F98F-9D51-4EFE-B9DC-C5F99A7E9EF7}.Debug|x86.Build.0 = Debug|Any CPU
		{BF57F98F-9D51-4EFE-B9DC-C5F99A7E9EF7}.Release|Any CPU.ActiveCfg = Release|Any CPU
		{BF57F98F-9D51-4EFE-B9DC-C5F99A7E9EF7}.Release|Any CPU.Build.0 = Release|Any CPU
		{BF57F98F-9D51-4EFE-B9DC-C5F99A7E9EF7}.Release|x64.ActiveCfg = Release|Any CPU
		{BF57F98F-9D51-4EFE-B9DC-C5F99A7E9EF7}.Release|x64.Build.0 = Release|Any CPU
		{BF57F98F-9D51-4EFE-B9DC-C5F99A7E9EF7}.Release|x86.ActiveCfg = Release|Any CPU
		{BF57F98F-9D51-4EFE-B9DC-C5F99A7E9EF7}.Release|x86.Build.0 = Release|Any CPU
		{79674A59-5693-4B41-919C-79928A81D964}.Debug|Any CPU.ActiveCfg = Debug|Any CPU
		{79674A59-5693-4B41-919C-79928A81D964}.Debug|Any CPU.Build.0 = Debug|Any CPU
		{79674A59-5693-4B41-919C-79928A81D964}.Debug|x64.ActiveCfg = Debug|Any CPU
		{79674A59-5693-4B41-919C-79928A81D964}.Debug|x64.Build.0 = Debug|Any CPU
		{79674A59-5693-4B41-919C-79928A81D964}.Debug|x86.ActiveCfg = Debug|Any CPU
		{79674A59-5693-4B41-919C-79928A81D964}.Debug|x86.Build.0 = Debug|Any CPU
		{79674A59-5693-4B41-919C-79928A81D964}.Release|Any CPU.ActiveCfg = Release|Any CPU
		{79674A59-5693-4B41-919C-79928A81D964}.Release|Any CPU.Build.0 = Release|Any CPU
		{79674A59-5693-4B41-919C-79928A81D964}.Release|x64.ActiveCfg = Release|Any CPU
		{79674A59-5693-4B41-919C-79928A81D964}.Release|x64.Build.0 = Release|Any CPU
		{79674A59-5693-4B41-919C-79928A81D964}.Release|x86.ActiveCfg = Release|Any CPU
		{79674A59-5693-4B41-919C-79928A81D964}.Release|x86.Build.0 = Release|Any CPU
		{35E458B4-F0B5-4FD4-B87A-5F2C7BC87696}.Debug|Any CPU.ActiveCfg = Debug|Any CPU
		{35E458B4-F0B5-4FD4-B87A-5F2C7BC87696}.Debug|Any CPU.Build.0 = Debug|Any CPU
		{35E458B4-F0B5-4FD4-B87A-5F2C7BC87696}.Debug|x64.ActiveCfg = Debug|Any CPU
		{35E458B4-F0B5-4FD4-B87A-5F2C7BC87696}.Debug|x64.Build.0 = Debug|Any CPU
		{35E458B4-F0B5-4FD4-B87A-5F2C7BC87696}.Debug|x86.ActiveCfg = Debug|Any CPU
		{35E458B4-F0B5-4FD4-B87A-5F2C7BC87696}.Debug|x86.Build.0 = Debug|Any CPU
		{35E458B4-F0B5-4FD4-B87A-5F2C7BC87696}.Release|Any CPU.ActiveCfg = Release|Any CPU
		{35E458B4-F0B5-4FD4-B87A-5F2C7BC87696}.Release|Any CPU.Build.0 = Release|Any CPU
		{35E458B4-F0B5-4FD4-B87A-5F2C7BC87696}.Release|x64.ActiveCfg = Release|Any CPU
		{35E458B4-F0B5-4FD4-B87A-5F2C7BC87696}.Release|x64.Build.0 = Release|Any CPU
		{35E458B4-F0B5-4FD4-B87A-5F2C7BC87696}.Release|x86.ActiveCfg = Release|Any CPU
		{35E458B4-F0B5-4FD4-B87A-5F2C7BC87696}.Release|x86.Build.0 = Release|Any CPU
		{F88A5D42-61FB-4EF4-B68B-8E5BF8C676D5}.Debug|Any CPU.ActiveCfg = Debug|Any CPU
		{F88A5D42-61FB-4EF4-B68B-8E5BF8C676D5}.Debug|Any CPU.Build.0 = Debug|Any CPU
		{F88A5D42-61FB-4EF4-B68B-8E5BF8C676D5}.Debug|x64.ActiveCfg = Debug|Any CPU
		{F88A5D42-61FB-4EF4-B68B-8E5BF8C676D5}.Debug|x64.Build.0 = Debug|Any CPU
		{F88A5D42-61FB-4EF4-B68B-8E5BF8C676D5}.Debug|x86.ActiveCfg = Debug|Any CPU
		{F88A5D42-61FB-4EF4-B68B-8E5BF8C676D5}.Debug|x86.Build.0 = Debug|Any CPU
		{F88A5D42-61FB-4EF4-B68B-8E5BF8C676D5}.Release|Any CPU.ActiveCfg = Release|Any CPU
		{F88A5D42-61FB-4EF4-B68B-8E5BF8C676D5}.Release|Any CPU.Build.0 = Release|Any CPU
		{F88A5D42-61FB-4EF4-B68B-8E5BF8C676D5}.Release|x64.ActiveCfg = Release|Any CPU
		{F88A5D42-61FB-4EF4-B68B-8E5BF8C676D5}.Release|x64.Build.0 = Release|Any CPU
		{F88A5D42-61FB-4EF4-B68B-8E5BF8C676D5}.Release|x86.ActiveCfg = Release|Any CPU
		{F88A5D42-61FB-4EF4-B68B-8E5BF8C676D5}.Release|x86.Build.0 = Release|Any CPU
		{ED75EE66-263B-4F13-B782-9A0D0917CD77}.Debug|Any CPU.ActiveCfg = Debug|Any CPU
		{ED75EE66-263B-4F13-B782-9A0D0917CD77}.Debug|Any CPU.Build.0 = Debug|Any CPU
		{ED75EE66-263B-4F13-B782-9A0D0917CD77}.Debug|x64.ActiveCfg = Debug|Any CPU
		{ED75EE66-263B-4F13-B782-9A0D0917CD77}.Debug|x64.Build.0 = Debug|Any CPU
		{ED75EE66-263B-4F13-B782-9A0D0917CD77}.Debug|x86.ActiveCfg = Debug|Any CPU
		{ED75EE66-263B-4F13-B782-9A0D0917CD77}.Debug|x86.Build.0 = Debug|Any CPU
		{ED75EE66-263B-4F13-B782-9A0D0917CD77}.Release|Any CPU.ActiveCfg = Release|Any CPU
		{ED75EE66-263B-4F13-B782-9A0D0917CD77}.Release|Any CPU.Build.0 = Release|Any CPU
		{ED75EE66-263B-4F13-B782-9A0D0917CD77}.Release|x64.ActiveCfg = Release|Any CPU
		{ED75EE66-263B-4F13-B782-9A0D0917CD77}.Release|x64.Build.0 = Release|Any CPU
		{ED75EE66-263B-4F13-B782-9A0D0917CD77}.Release|x86.ActiveCfg = Release|Any CPU
		{ED75EE66-263B-4F13-B782-9A0D0917CD77}.Release|x86.Build.0 = Release|Any CPU
		{DA409A9B-A860-4B54-B7D7-A5021D874440}.Debug|Any CPU.ActiveCfg = Debug|Any CPU
		{DA409A9B-A860-4B54-B7D7-A5021D874440}.Debug|Any CPU.Build.0 = Debug|Any CPU
		{DA409A9B-A860-4B54-B7D7-A5021D874440}.Debug|x64.ActiveCfg = Debug|Any CPU
		{DA409A9B-A860-4B54-B7D7-A5021D874440}.Debug|x64.Build.0 = Debug|Any CPU
		{DA409A9B-A860-4B54-B7D7-A5021D874440}.Debug|x86.ActiveCfg = Debug|Any CPU
		{DA409A9B-A860-4B54-B7D7-A5021D874440}.Debug|x86.Build.0 = Debug|Any CPU
		{DA409A9B-A860-4B54-B7D7-A5021D874440}.Release|Any CPU.ActiveCfg = Release|Any CPU
		{DA409A9B-A860-4B54-B7D7-A5021D874440}.Release|Any CPU.Build.0 = Release|Any CPU
		{DA409A9B-A860-4B54-B7D7-A5021D874440}.Release|x64.ActiveCfg = Release|Any CPU
		{DA409A9B-A860-4B54-B7D7-A5021D874440}.Release|x64.Build.0 = Release|Any CPU
		{DA409A9B-A860-4B54-B7D7-A5021D874440}.Release|x86.ActiveCfg = Release|Any CPU
		{DA409A9B-A860-4B54-B7D7-A5021D874440}.Release|x86.Build.0 = Release|Any CPU
	EndGlobalSection
EndGlobal
